
Microsoft Visual Studio Solution File, Format Version 12.00
# Visual Studio Version 17
VisualStudioVersion = 17.3.32804.467
MinimumVisualStudioVersion = 10.0.40219.1
Project("{FAE04EC0-301F-11D3-BF4B-00C04F79EFBC}") = "NetworkManagerApi", "NetworkManagerApi.csproj", "{23C37612-D6C8-43CA-992D-D240351BEA58}"
EndProject
Project("{FAE04EC0-301F-11D3-BF4B-00C04F79EFBC}") = "NetworkManagerApi.Tests", "..\NetworkManagerApi.Tests\NetworkManagerApi.Tests.csproj", "{843FF271-27F5-46E3-96F1-7D1BCE0AC57D}"
EndProject
Global
	GlobalSection(SolutionConfigurationPlatforms) = preSolution
		Debug|Any CPU = Debug|Any CPU
		Release|Any CPU = Release|Any CPU
	EndGlobalSection
	GlobalSection(ProjectConfigurationPlatforms) = postSolution
		{23C37612-D6C8-43CA-992D-D240351BEA58}.Debug|Any CPU.ActiveCfg = Debug|Any CPU
		{23C37612-D6C8-43CA-992D-D240351BEA58}.Debug|Any CPU.Build.0 = Debug|Any CPU
		{23C37612-D6C8-43CA-992D-D240351BEA58}.Release|Any CPU.ActiveCfg = Release|Any CPU
		{23C37612-D6C8-43CA-992D-D240351BEA58}.Release|Any CPU.Build.0 = Release|Any CPU
		{843FF271-27F5-46E3-96F1-7D1BCE0AC57D}.Debug|Any CPU.ActiveCfg = Debug|Any CPU
		{843FF271-27F5-46E3-96F1-7D1BCE0AC57D}.Debug|Any CPU.Build.0 = Debug|Any CPU
		{843FF271-27F5-46E3-96F1-7D1BCE0AC57D}.Release|Any CPU.ActiveCfg = Release|Any CPU
		{843FF271-27F5-46E3-96F1-7D1BCE0AC57D}.Release|Any CPU.Build.0 = Release|Any CPU
	EndGlobalSection
	GlobalSection(SolutionProperties) = preSolution
		HideSolutionNode = FALSE
	EndGlobalSection
	GlobalSection(ExtensibilityGlobals) = postSolution
		SolutionGuid = {99D801F8-5EAC-45F4-B93C-B841E0A35C02}
	EndGlobalSection
EndGlobal
